
Microsoft Visual Studio Solution File, Format Version 12.00
# Visual Studio 15
VisualStudioVersion = 15.0.27130.2026
MinimumVisualStudioVersion = 10.0.40219.1
Project("{FAE04EC0-301F-11D3-BF4B-00C04F79EFBC}") = "hue", "hue\hue.csproj", "{C2A57D5C-BB1C-41F1-AC14-912D03E87098}"
EndProject
Global
	GlobalSection(SolutionConfigurationPlatforms) = preSolution
		Debug|Any CPU = Debug|Any CPU
		Release|Any CPU = Release|Any CPU
	EndGlobalSection
	GlobalSection(ProjectConfigurationPlatforms) = postSolution
		{C2A57D5C-BB1C-41F1-AC14-912D03E87098}.Debug|Any CPU.ActiveCfg = Debug|Any CPU
		{C2A57D5C-BB1C-41F1-AC14-912D03E87098}.Debug|Any CPU.Build.0 = Debug|Any CPU
		{C2A57D5C-BB1C-41F1-AC14-912D03E87098}.Release|Any CPU.ActiveCfg = Release|Any CPU
		{C2A57D5C-BB1C-41F1-AC14-912D03E87098}.Release|Any CPU.Build.0 = Release|Any CPU
	EndGlobalSection
	GlobalSection(SolutionProperties) = preSolution
		HideSolutionNode = FALSE
	EndGlobalSection
	GlobalSection(ExtensibilityGlobals) = postSolution
		SolutionGuid = {883FE588-139F-4706-8CE9-93B90144DADF}
	EndGlobalSection
EndGlobal
